Microsoft Visual Studio Solution File, Format Version 12.00
# 17
VisualStudioVersion = 17.9.34407.89
MinimumVisualStudioVersion = 10.0.40219.1
Project("{9A19103F-16F7-4668-BE54-9A1E7A4F7556}") = "Common", "src\Common\Common.csproj", "{B7D765A0-7B23-474A-AA7B-E2CDC29078FB}"
EndProject
Project("{9A19103F-16F7-4668-BE54-9A1E7A4F7556}") = "Games", "src\Games\Games.csproj", "{3DE48404-FDA3-4385-8C8D-AB0E32D1E877}"
EndProject
Project("{9A19103F-16F7-4668-BE54-9A1E7A4F7556}") = "Ports", "src\Ports\Ports.csproj", "{1234E66C-EE8D-4002-9D03-6E295D53C6E8}"
EndProject
Project("{9A19103F-16F7-4668-BE54-9A1E7A4F7556}") = "Mods", "src\Mods\Mods.csproj", "{E02FDBCA-C900-4B80-9F54-45B03149D883}"
EndProject
Project("{9A19103F-16F7-4668-BE54-9A1E7A4F7556}") = "Tests", "src\Tests\Tests.csproj", "{8E1C1987-BBE7-434A-9020-27DB72F0FE01}"
EndProject
Project("{9A19103F-16F7-4668-BE54-9A1E7A4F7556}") = "Tools", "src\Tools\Tools.csproj", "{D1712DC4-7DDF-4FCB-A00D-F7771F03F9BB}"
EndProject
Project("{9A19103F-16F7-4668-BE54-9A1E7A4F7556}") = "Avalonia.Core", "src\Avalonia\Core\Avalonia.Core.csproj", "{4FA0986B-DA87-48AC-BF8B-1D9606085F85}"
EndProject
Project("{9A19103F-16F7-4668-BE54-9A1E7A4F7556}") = "Avalonia.Desktop", "src\Avalonia\Desktop\Avalonia.Desktop.csproj", "{BAB09C82-3BEF-4DB4-98D3-5AD89CE93915}"
EndProject
Project("{9A19103F-16F7-4668-BE54-9A1E7A4F7556}") = "Web.Blazor", "Web.Blazor\Web.Blazor.csproj", "{604FE3A0-9DD3-43E3-83D4-C456AFCE7935}"
EndProject
Project("{2150E333-8FDC-42A3-9474-1A3956D46DE8}") = "Client", "Client", "{E91A327E-25F6-456B-98E8-A43A792621FC}"
EndProject
Project("{9A19103F-16F7-4668-BE54-9A1E7A4F7556}") = "Common.Client", "src\Common.Client\Common.Client.csproj", "{8B985AFA-276A-4375-B8F3-49C9C6BB1DDE}"
EndProject
Project("{9A19103F-16F7-4668-BE54-9A1E7A4F7556}") = "Database.Client", "src\Database.Client\Database.Client.csproj", "{C91DED4C-A480-49E7-B359-B0EE0D7CFCBC}"
EndProject
Global
	GlobalSection(SolutionConfigurationPlatforms) = preSolution
		Debug|Any CPU = Debug|Any CPU
		Release|Any CPU = Release|Any CPU
	EndGlobalSection
	GlobalSection(ProjectConfigurationPlatforms) = postSolution
		{B7D765A0-7B23-474A-AA7B-E2CDC29078FB}.Debug|Any CPU.ActiveCfg = Debug|Any CPU
		{B7D765A0-7B23-474A-AA7B-E2CDC29078FB}.Debug|Any CPU.Build.0 = Debug|Any CPU
		{B7D765A0-7B23-474A-AA7B-E2CDC29078FB}.Release|Any CPU.ActiveCfg = Release|Any CPU
		{B7D765A0-7B23-474A-AA7B-E2CDC29078FB}.Release|Any CPU.Build.0 = Release|Any CPU
		{3DE48404-FDA3-4385-8C8D-AB0E32D1E877}.Debug|Any CPU.ActiveCfg = Debug|Any CPU
		{3DE48404-FDA3-4385-8C8D-AB0E32D1E877}.Debug|Any CPU.Build.0 = Debug|Any CPU
		{3DE48404-FDA3-4385-8C8D-AB0E32D1E877}.Release|Any CPU.ActiveCfg = Release|Any CPU
		{3DE48404-FDA3-4385-8C8D-AB0E32D1E877}.Release|Any CPU.Build.0 = Release|Any CPU
		{1234E66C-EE8D-4002-9D03-6E295D53C6E8}.Debug|Any CPU.ActiveCfg = Debug|Any CPU
		{1234E66C-EE8D-4002-9D03-6E295D53C6E8}.Debug|Any CPU.Build.0 = Debug|Any CPU
		{1234E66C-EE8D-4002-9D03-6E295D53C6E8}.Release|Any CPU.ActiveCfg = Release|Any CPU
		{1234E66C-EE8D-4002-9D03-6E295D53C6E8}.Release|Any CPU.Build.0 = Release|Any CPU
		{E02FDBCA-C900-4B80-9F54-45B03149D883}.Debug|Any CPU.ActiveCfg = Debug|Any CPU
		{E02FDBCA-C900-4B80-9F54-45B03149D883}.Debug|Any CPU.Build.0 = Debug|Any CPU
		{E02FDBCA-C900-4B80-9F54-45B03149D883}.Release|Any CPU.ActiveCfg = Release|Any CPU
		{E02FDBCA-C900-4B80-9F54-45B03149D883}.Release|Any CPU.Build.0 = Release|Any CPU
		{8E1C1987-BBE7-434A-9020-27DB72F0FE01}.Debug|Any CPU.ActiveCfg = Debug|Any CPU
		{8E1C1987-BBE7-434A-9020-27DB72F0FE01}.Debug|Any CPU.Build.0 = Debug|Any CPU
		{8E1C1987-BBE7-434A-9020-27DB72F0FE01}.Release|Any CPU.ActiveCfg = Release|Any CPU
		{8E1C1987-BBE7-434A-9020-27DB72F0FE01}.Release|Any CPU.Build.0 = Release|Any CPU
		{D1712DC4-7DDF-4FCB-A00D-F7771F03F9BB}.Debug|Any CPU.ActiveCfg = Debug|Any CPU
		{D1712DC4-7DDF-4FCB-A00D-F7771F03F9BB}.Debug|Any CPU.Build.0 = Debug|Any CPU
		{D1712DC4-7DDF-4FCB-A00D-F7771F03F9BB}.Release|Any CPU.ActiveCfg = Release|Any CPU
		{D1712DC4-7DDF-4FCB-A00D-F7771F03F9BB}.Release|Any CPU.Build.0 = Release|Any CPU
		{4FA0986B-DA87-48AC-BF8B-1D9606085F85}.Debug|Any CPU.ActiveCfg = Debug|Any CPU
		{4FA0986B-DA87-48AC-BF8B-1D9606085F85}.Debug|Any CPU.Build.0 = Debug|Any CPU
		{4FA0986B-DA87-48AC-BF8B-1D9606085F85}.Release|Any CPU.ActiveCfg = Release|Any CPU
		{4FA0986B-DA87-48AC-BF8B-1D9606085F85}.Release|Any CPU.Build.0 = Release|Any CPU
		{BAB09C82-3BEF-4DB4-98D3-5AD89CE93915}.Debug|Any CPU.ActiveCfg = Debug|Any CPU
		{BAB09C82-3BEF-4DB4-98D3-5AD89CE93915}.Debug|Any CPU.Build.0 = Debug|Any CPU
		{BAB09C82-3BEF-4DB4-98D3-5AD89CE93915}.Release|Any CPU.ActiveCfg = Release|Any CPU
		{BAB09C82-3BEF-4DB4-98D3-5AD89CE93915}.Release|Any CPU.Build.0 = Release|Any CPU
		{604FE3A0-9DD3-43E3-83D4-C456AFCE7935}.Debug|Any CPU.ActiveCfg = Debug|Any CPU
		{604FE3A0-9DD3-43E3-83D4-C456AFCE7935}.Debug|Any CPU.Build.0 = Debug|Any CPU
		{604FE3A0-9DD3-43E3-83D4-C456AFCE7935}.Release|Any CPU.ActiveCfg = Release|Any CPU
		{604FE3A0-9DD3-43E3-83D4-C456AFCE7935}.Release|Any CPU.Build.0 = Release|Any CPU
		{8B985AFA-276A-4375-B8F3-49C9C6BB1DDE}.Debug|Any CPU.ActiveCfg = Debug|Any CPU
		{8B985AFA-276A-4375-B8F3-49C9C6BB1DDE}.Debug|Any CPU.Build.0 = Debug|Any CPU
		{8B985AFA-276A-4375-B8F3-49C9C6BB1DDE}.Release|Any CPU.ActiveCfg = Release|Any CPU
		{8B985AFA-276A-4375-B8F3-49C9C6BB1DDE}.Release|Any CPU.Build.0 = Release|Any CPU
		{C91DED4C-A480-49E7-B359-B0EE0D7CFCBC}.Debug|Any CPU.ActiveCfg = Debug|Any CPU
		{C91DED4C-A480-49E7-B359-B0EE0D7CFCBC}.Debug|Any CPU.Build.0 = Debug|Any CPU
		{C91DED4C-A480-49E7-B359-B0EE0D7CFCBC}.Release|Any CPU.ActiveCfg = Release|Any CPU
		{C91DED4C-A480-49E7-B359-B0EE0D7CFCBC}.Release|Any CPU.Build.0 = Release|Any CPU
	EndGlobalSection
	GlobalSection(SolutionProperties) = preSolution
		HideSolutionNode = FALSE
	EndGlobalSection
	GlobalSection(NestedProjects) = preSolution
		{D1712DC4-7DDF-4FCB-A00D-F7771F03F9BB} = {E91A327E-25F6-456B-98E8-A43A792621FC}
		{4FA0986B-DA87-48AC-BF8B-1D9606085F85} = {E91A327E-25F6-456B-98E8-A43A792621FC}
		{BAB09C82-3BEF-4DB4-98D3-5AD89CE93915} = {E91A327E-25F6-456B-98E8-A43A792621FC}
		{8B985AFA-276A-4375-B8F3-49C9C6BB1DDE} = {E91A327E-25F6-456B-98E8-A43A792621FC}
		{C91DED4C-A480-49E7-B359-B0EE0D7CFCBC} = {E91A327E-25F6-456B-98E8-A43A792621FC}
	EndGlobalSection
	GlobalSection(ExtensibilityGlobals) = postSolution
		SolutionGuid = {48D7012C-36C8-4BB1-B61F-BE38BB907CCD}
	EndGlobalSection
EndGlobal
