Microsoft Visual Studio Solution File, Format Version 12.00
# Visual Studio Version 17
VisualStudioVersion = 17.9.34407.89
MinimumVisualStudioVersion = 10.0.40219.1
Project("{9A19103F-16F7-4668-BE54-9A1E7A4F7556}") = "Games", "src\Games\Games.csproj", "{3DE48404-FDA3-4385-8C8D-AB0E32D1E877}"
EndProject
Project("{9A19103F-16F7-4668-BE54-9A1E7A4F7556}") = "Ports", "src\Ports\Ports.csproj", "{1234E66C-EE8D-4002-9D03-6E295D53C6E8}"
EndProject
Project("{9A19103F-16F7-4668-BE54-9A1E7A4F7556}") = "Tests", "src\Tests\Tests.csproj", "{8E1C1987-BBE7-434A-9020-27DB72F0FE01}"
EndProject
Project("{9A19103F-16F7-4668-BE54-9A1E7A4F7556}") = "Tools", "src\Tools\Tools.csproj", "{D1712DC4-7DDF-4FCB-A00D-F7771F03F9BB}"
EndProject
Project("{9A19103F-16F7-4668-BE54-9A1E7A4F7556}") = "Web.Blazor", "Web.Blazor\Web.Blazor.csproj", "{604FE3A0-9DD3-43E3-83D4-C456AFCE7935}"
EndProject
Project("{9A19103F-16F7-4668-BE54-9A1E7A4F7556}") = "Database.Client", "src\Database.Client\Database.Client.csproj", "{C91DED4C-A480-49E7-B359-B0EE0D7CFCBC}"
EndProject
Project("{2150E333-8FDC-42A3-9474-1A3956D46DE8}") = "Database", "Database", "{B993F151-5501-453B-8EB6-72B3F7D49B06}"
EndProject
Project("{2150E333-8FDC-42A3-9474-1A3956D46DE8}") = ".start", ".start", "{C9BFEF9F-CC19-498C-AC72-6520956ACFF6}"
EndProject
Project("{9A19103F-16F7-4668-BE54-9A1E7A4F7556}") = "Avalonia.Desktop", "src\Avalonia.Desktop\Avalonia.Desktop.csproj", "{7D844F7C-AF4A-4675-B5FF-9F9EE5F26935}"
EndProject
Project("{9A19103F-16F7-4668-BE54-9A1E7A4F7556}") = "Database.Server", "src\Database.Server\Database.Server.csproj", "{2BC72FC5-2EAF-46DD-B0EB-6AF06F28FCD3}"
EndProject
Project("{2150E333-8FDC-42A3-9474-1A3956D46DE8}") = "Systems", "Systems", "{11DCE2CE-F784-4DAE-8F75-9D073B2D4E3D}"
EndProject
Project("{2150E333-8FDC-42A3-9474-1A3956D46DE8}") = "Api", "Api", "{B60A682B-87D1-4BC3-B3B9-B916BB2E68E5}"
EndProject
Project("{9A19103F-16F7-4668-BE54-9A1E7A4F7556}") = "Api.Common", "src\Api.Common\Api.Common.csproj", "{CE5E82FA-FC5E-450C-AA6F-980210B8656F}"
EndProject
Project("{9A19103F-16F7-4668-BE54-9A1E7A4F7556}") = "Addons", "src\Addons\Addons.csproj", "{7058E63E-5A8A-4FBC-9FE4-32E0A3D3260C}"
EndProject
Project("{2150E333-8FDC-42A3-9474-1A3956D46DE8}") = "Common", "Common", "{0157A31F-D187-437F-B5F3-6C3B061A360B}"
EndProject
Project("{9A19103F-16F7-4668-BE54-9A1E7A4F7556}") = "Common.Common", "src\Common.Common\Common.Common.csproj", "{FF304C35-3B91-4BDE-9C2A-3525A76094D0}"
EndProject
Project("{9A19103F-16F7-4668-BE54-9A1E7A4F7556}") = "Common.Server", "src\Common.Server\Common.Server.csproj", "{6AD0A908-DE93-4A09-BC34-AF1AC2E45549}"
EndProject
Project("{9A19103F-16F7-4668-BE54-9A1E7A4F7556}") = "Common.Client", "src\Common.Client\Common.Client.csproj", "{5317FF71-8EDD-4EFB-8644-A9F4E144CB60}"
EndProject
Global
	GlobalSection(SolutionConfigurationPlatforms) = preSolution
		Debug|Any CPU = Debug|Any CPU
		Release|Any CPU = Release|Any CPU
	EndGlobalSection
	GlobalSection(ProjectConfigurationPlatforms) = postSolution
		{3DE48404-FDA3-4385-8C8D-AB0E32D1E877}.Debug|Any CPU.ActiveCfg = Debug|Any CPU
		{3DE48404-FDA3-4385-8C8D-AB0E32D1E877}.Debug|Any CPU.Build.0 = Debug|Any CPU
		{3DE48404-FDA3-4385-8C8D-AB0E32D1E877}.Release|Any CPU.ActiveCfg = Release|Any CPU
		{3DE48404-FDA3-4385-8C8D-AB0E32D1E877}.Release|Any CPU.Build.0 = Release|Any CPU
		{1234E66C-EE8D-4002-9D03-6E295D53C6E8}.Debug|Any CPU.ActiveCfg = Debug|Any CPU
		{1234E66C-EE8D-4002-9D03-6E295D53C6E8}.Debug|Any CPU.Build.0 = Debug|Any CPU
		{1234E66C-EE8D-4002-9D03-6E295D53C6E8}.Release|Any CPU.ActiveCfg = Release|Any CPU
		{1234E66C-EE8D-4002-9D03-6E295D53C6E8}.Release|Any CPU.Build.0 = Release|Any CPU
		{8E1C1987-BBE7-434A-9020-27DB72F0FE01}.Debug|Any CPU.ActiveCfg = Debug|Any CPU
		{8E1C1987-BBE7-434A-9020-27DB72F0FE01}.Debug|Any CPU.Build.0 = Debug|Any CPU
		{8E1C1987-BBE7-434A-9020-27DB72F0FE01}.Release|Any CPU.ActiveCfg = Release|Any CPU
		{8E1C1987-BBE7-434A-9020-27DB72F0FE01}.Release|Any CPU.Build.0 = Release|Any CPU
		{D1712DC4-7DDF-4FCB-A00D-F7771F03F9BB}.Debug|Any CPU.ActiveCfg = Debug|Any CPU
		{D1712DC4-7DDF-4FCB-A00D-F7771F03F9BB}.Debug|Any CPU.Build.0 = Debug|Any CPU
		{D1712DC4-7DDF-4FCB-A00D-F7771F03F9BB}.Release|Any CPU.ActiveCfg = Release|Any CPU
		{D1712DC4-7DDF-4FCB-A00D-F7771F03F9BB}.Release|Any CPU.Build.0 = Release|Any CPU
		{604FE3A0-9DD3-43E3-83D4-C456AFCE7935}.Debug|Any CPU.ActiveCfg = Debug|Any CPU
		{604FE3A0-9DD3-43E3-83D4-C456AFCE7935}.Debug|Any CPU.Build.0 = Debug|Any CPU
		{604FE3A0-9DD3-43E3-83D4-C456AFCE7935}.Release|Any CPU.ActiveCfg = Release|Any CPU
		{604FE3A0-9DD3-43E3-83D4-C456AFCE7935}.Release|Any CPU.Build.0 = Release|Any CPU
		{C91DED4C-A480-49E7-B359-B0EE0D7CFCBC}.Debug|Any CPU.ActiveCfg = Debug|Any CPU
		{C91DED4C-A480-49E7-B359-B0EE0D7CFCBC}.Debug|Any CPU.Build.0 = Debug|Any CPU
		{C91DED4C-A480-49E7-B359-B0EE0D7CFCBC}.Release|Any CPU.ActiveCfg = Release|Any CPU
		{C91DED4C-A480-49E7-B359-B0EE0D7CFCBC}.Release|Any CPU.Build.0 = Release|Any CPU
		{7D844F7C-AF4A-4675-B5FF-9F9EE5F26935}.Debug|Any CPU.ActiveCfg = Debug|Any CPU
		{7D844F7C-AF4A-4675-B5FF-9F9EE5F26935}.Debug|Any CPU.Build.0 = Debug|Any CPU
		{7D844F7C-AF4A-4675-B5FF-9F9EE5F26935}.Release|Any CPU.ActiveCfg = Release|Any CPU
		{7D844F7C-AF4A-4675-B5FF-9F9EE5F26935}.Release|Any CPU.Build.0 = Release|Any CPU
		{2BC72FC5-2EAF-46DD-B0EB-6AF06F28FCD3}.Debug|Any CPU.ActiveCfg = Debug|Any CPU
		{2BC72FC5-2EAF-46DD-B0EB-6AF06F28FCD3}.Debug|Any CPU.Build.0 = Debug|Any CPU
		{2BC72FC5-2EAF-46DD-B0EB-6AF06F28FCD3}.Release|Any CPU.ActiveCfg = Release|Any CPU
		{2BC72FC5-2EAF-46DD-B0EB-6AF06F28FCD3}.Release|Any CPU.Build.0 = Release|Any CPU
		{CE5E82FA-FC5E-450C-AA6F-980210B8656F}.Debug|Any CPU.ActiveCfg = Debug|Any CPU
		{CE5E82FA-FC5E-450C-AA6F-980210B8656F}.Debug|Any CPU.Build.0 = Debug|Any CPU
		{CE5E82FA-FC5E-450C-AA6F-980210B8656F}.Release|Any CPU.ActiveCfg = Release|Any CPU
		{CE5E82FA-FC5E-450C-AA6F-980210B8656F}.Release|Any CPU.Build.0 = Release|Any CPU
		{7058E63E-5A8A-4FBC-9FE4-32E0A3D3260C}.Debug|Any CPU.ActiveCfg = Debug|Any CPU
		{7058E63E-5A8A-4FBC-9FE4-32E0A3D3260C}.Debug|Any CPU.Build.0 = Debug|Any CPU
		{7058E63E-5A8A-4FBC-9FE4-32E0A3D3260C}.Release|Any CPU.ActiveCfg = Release|Any CPU
		{7058E63E-5A8A-4FBC-9FE4-32E0A3D3260C}.Release|Any CPU.Build.0 = Release|Any CPU
		{FF304C35-3B91-4BDE-9C2A-3525A76094D0}.Debug|Any CPU.ActiveCfg = Debug|Any CPU
		{FF304C35-3B91-4BDE-9C2A-3525A76094D0}.Debug|Any CPU.Build.0 = Debug|Any CPU
		{FF304C35-3B91-4BDE-9C2A-3525A76094D0}.Release|Any CPU.ActiveCfg = Release|Any CPU
		{FF304C35-3B91-4BDE-9C2A-3525A76094D0}.Release|Any CPU.Build.0 = Release|Any CPU
		{6AD0A908-DE93-4A09-BC34-AF1AC2E45549}.Debug|Any CPU.ActiveCfg = Debug|Any CPU
		{6AD0A908-DE93-4A09-BC34-AF1AC2E45549}.Debug|Any CPU.Build.0 = Debug|Any CPU
		{6AD0A908-DE93-4A09-BC34-AF1AC2E45549}.Release|Any CPU.ActiveCfg = Release|Any CPU
		{6AD0A908-DE93-4A09-BC34-AF1AC2E45549}.Release|Any CPU.Build.0 = Release|Any CPU
		{5317FF71-8EDD-4EFB-8644-A9F4E144CB60}.Debug|Any CPU.ActiveCfg = Debug|Any CPU
		{5317FF71-8EDD-4EFB-8644-A9F4E144CB60}.Debug|Any CPU.Build.0 = Debug|Any CPU
		{5317FF71-8EDD-4EFB-8644-A9F4E144CB60}.Release|Any CPU.ActiveCfg = Release|Any CPU
		{5317FF71-8EDD-4EFB-8644-A9F4E144CB60}.Release|Any CPU.Build.0 = Release|Any CPU
	EndGlobalSection
	GlobalSection(SolutionProperties) = preSolution
		HideSolutionNode = FALSE
	EndGlobalSection
	GlobalSection(NestedProjects) = preSolution
		{3DE48404-FDA3-4385-8C8D-AB0E32D1E877} = {11DCE2CE-F784-4DAE-8F75-9D073B2D4E3D}
		{1234E66C-EE8D-4002-9D03-6E295D53C6E8} = {11DCE2CE-F784-4DAE-8F75-9D073B2D4E3D}
		{D1712DC4-7DDF-4FCB-A00D-F7771F03F9BB} = {11DCE2CE-F784-4DAE-8F75-9D073B2D4E3D}
		{604FE3A0-9DD3-43E3-83D4-C456AFCE7935} = {C9BFEF9F-CC19-498C-AC72-6520956ACFF6}
		{C91DED4C-A480-49E7-B359-B0EE0D7CFCBC} = {B993F151-5501-453B-8EB6-72B3F7D49B06}
		{7D844F7C-AF4A-4675-B5FF-9F9EE5F26935} = {C9BFEF9F-CC19-498C-AC72-6520956ACFF6}
		{2BC72FC5-2EAF-46DD-B0EB-6AF06F28FCD3} = {B993F151-5501-453B-8EB6-72B3F7D49B06}
		{CE5E82FA-FC5E-450C-AA6F-980210B8656F} = {B60A682B-87D1-4BC3-B3B9-B916BB2E68E5}
		{7058E63E-5A8A-4FBC-9FE4-32E0A3D3260C} = {11DCE2CE-F784-4DAE-8F75-9D073B2D4E3D}
		{FF304C35-3B91-4BDE-9C2A-3525A76094D0} = {0157A31F-D187-437F-B5F3-6C3B061A360B}
		{6AD0A908-DE93-4A09-BC34-AF1AC2E45549} = {0157A31F-D187-437F-B5F3-6C3B061A360B}
		{5317FF71-8EDD-4EFB-8644-A9F4E144CB60} = {0157A31F-D187-437F-B5F3-6C3B061A360B}
	EndGlobalSection
	GlobalSection(ExtensibilityGlobals) = postSolution
		SolutionGuid = {48D7012C-36C8-4BB1-B61F-BE38BB907CCD}
	EndGlobalSection
EndGlobal
